
Microsoft Visual Studio Solution File, Format Version 12.00
# Visual Studio 15
VisualStudioVersion = 15.0.27130.2003
MinimumVisualStudioVersion = 10.0.40219.1
Project("{FAE04EC0-301F-11D3-BF4B-00C04F79EFBC}") = "JourneyMVC", "JourneyMVC\JourneyMVC.csproj", "{DD97944D-D0F7-424F-A7EA-CD95A3DEFFA3}"
EndProject
Project("{FAE04EC0-301F-11D3-BF4B-00C04F79EFBC}") = "Journey", "Journey\Journey.csproj", "{2414ED5A-04CD-4176-9867-23B99CE4A553}"
EndProject
Global
	GlobalSection(SolutionConfigurationPlatforms) = preSolution
		Debug|Any CPU = Debug|Any CPU
		Release|Any CPU = Release|Any CPU
	EndGlobalSection
	GlobalSection(ProjectConfigurationPlatforms) = postSolution
		{DD97944D-D0F7-424F-A7EA-CD95A3DEFFA3}.Debug|Any CPU.ActiveCfg = Debug|Any CPU
		{DD97944D-D0F7-424F-A7EA-CD95A3DEFFA3}.Debug|Any CPU.Build.0 = Debug|Any CPU
		{DD97944D-D0F7-424F-A7EA-CD95A3DEFFA3}.Release|Any CPU.ActiveCfg = Release|Any CPU
		{DD97944D-D0F7-424F-A7EA-CD95A3DEFFA3}.Release|Any CPU.Build.0 = Release|Any CPU
		{2414ED5A-04CD-4176-9867-23B99CE4A553}.Debug|Any CPU.ActiveCfg = Debug|Any CPU
		{2414ED5A-04CD-4176-9867-23B99CE4A553}.Debug|Any CPU.Build.0 = Debug|Any CPU
		{2414ED5A-04CD-4176-9867-23B99CE4A553}.Release|Any CPU.ActiveCfg = Release|Any CPU
		{2414ED5A-04CD-4176-9867-23B99CE4A553}.Release|Any CPU.Build.0 = Release|Any CPU
	EndGlobalSection
	GlobalSection(SolutionProperties) = preSolution
		HideSolutionNode = FALSE
	EndGlobalSection
	GlobalSection(ExtensibilityGlobals) = postSolution
		SolutionGuid = {02865CE7-2B89-46E8-8896-86856C07403C}
	EndGlobalSection
EndGlobal
